{
    "_meta": {
        "hash": {
            "sha256": "021b3f0ae190846c723948a6e655a3951f23fc4b5818a090f328d2f42d80b417"
        },
        "pipfile-spec": 6,
        "requires": {
            "python_version": "3.7"
        },
        "sources": [
            {
                "name": "pypi",
                "url": "https://pypi.org/simple",
                "verify_ssl": true
            }
        ]
    },
    "default": {
        "colorama": {
            "hashes": [
                "sha256:05eed71e2e327246ad6b38c540c4a3117230b19679b875190486ddd2d721422d",
                "sha256:f8ac84de7840f5b9c4e3347b3c1eaa50f7e49c2b07596221daec5edaabbd7c48"
            ],
            "index": "pypi",
            "version": "==0.4.1"
        },
        "pywin32": {
            "hashes": [
                "sha256:0443e9bb196e72480f50cbddc2cf98fbb858a77d02e281ba79489ea3287b36e9",
                "sha256:09bbe7cdb29eb40ab2e83f7a232eeeedde864be7a0622b70a90f456aad07a234",
                "sha256:0d8e0f47808798d320c983574c36c49db642678902933a210edd40157d206fd0",
                "sha256:0db7c9f4b93528afd080d35912a60be2f86a1d6c49c0a9cf9cedd106eed81ea3",
                "sha256:749e590875051661ecefbd9dfa957a485016de0f25e43f5e70f888ef1e29587b",
                "sha256:779d3e9d4b934f2445d2920c3941416d99af72eb7f7fd57a63576cc8aa540ad6",
                "sha256:7c89d2c11a31c7aaa16dc4d25054d7e0e99d6f6b24193cf62c83850484658c87",
                "sha256:81f7732b662c46274d7d8c411c905d53e71999cba95457a0686467c3ebc745ca",
                "sha256:9db1fb8830bfa99c5bfd335d4482c14db5c6f5028db3b006787ef4200206242b",
                "sha256:bd8d04835db28646d9e07fd0ab7c7b18bd90e89dfdc559e60389179495ef30da",
                "sha256:fc6822a68afd79e97b015985dd455767c72009b81bcd18957068626c43f11e75",
                "sha256:fe6cfc2045931866417740b575231c7e12d69d481643be1493487ad53b089959"
            ],
            "index": "pypi",
            "markers": "sys_platform == 'win32'",
            "version": "==225"
        }
    },
    "develop": {
        "altgraph": {
            "hashes": [
                "sha256:d6814989f242b2b43025cba7161fc1b8fb487a62cd49c49245d6fd01c18ac997",
                "sha256:ddf5320017147ba7b810198e0b6619bd7b5563aa034da388cea8546b877f9b0c"
            ],
            "version": "==0.16.1"
        },
        "autopep8": {
            "hashes": [
                "sha256:4d8eec30cc81bc5617dbf1218201d770dc35629363547f17577c61683ccfb3ee"
            ],
            "index": "pypi",
            "version": "==1.4.4"
        },
        "entrypoints": {
            "hashes": [
                "sha256:589f874b313739ad35be6e0cd7efde2a4e9b6fea91edcc34e58ecbb8dbe56d19",
                "sha256:c70dd71abe5a8c85e55e12c19bd91ccfeec11a6e99044204511f9ed547d48451"
            ],
            "version": "==0.3"
        },
        "flake8": {
            "hashes": [
                "sha256:45681a117ecc81e870cbf1262835ae4af5e7a8b08e40b944a8a6e6b895914cfb",
                "sha256:49356e766643ad15072a789a20915d3c91dc89fd313ccd71802303fd67e4deca"
            ],
            "index": "pypi",
            "version": "==3.7.9"
        },
        "mccabe": {
            "hashes": [
                "sha256:ab8a6258860da4b6677da4bd2fe5dc2c659cff31b3ee4f7f5d64e79735b80d42",
                "sha256:dd8d182285a0fe56bace7f45b5e7d1a6ebcbf524e8f3bd87eb0f125271b8831f"
            ],
            "version": "==0.6.1"
        },
        "pycodestyle": {
            "hashes": [
                "sha256:95a2219d12372f05704562a14ec30bc76b05a5b297b21a5dfe3f6fac3491ae56",
                "sha256:e40a936c9a450ad81df37f549d676d127b1b66000a6c500caa2b085bc0ca976c"
            ],
            "version": "==2.5.0"
        },
        "pyflakes": {
            "hashes": [
                "sha256:17dbeb2e3f4d772725c777fabc446d5634d1038f234e77343108ce445ea69ce0",
                "sha256:d976835886f8c5b31d47970ed689944a0262b5f3afa00a5a7b4dc81e5449f8a2"
            ],
            "version": "==2.1.1"
        },
        "pyinstaller": {
            "hashes": [
                "sha256:ee7504022d1332a3324250faf2135ea56ac71fdb6309cff8cd235de26b1d0a96"
            ],
            "index": "pypi",
            "version": "==3.5"
        }
    }
}
